PODS:
  - FlutterMacOS (1.0.0)
  - unisolver_flutter (0.7.0):
    - FlutterMacOS

DEPENDENCIES:
  - FlutterMacOS (from `Flutter/ephemeral`)
  - unisolver_flutter (from `Flutter/ephemeral/.symlinks/plugins/unisolver_flutter/macos`)

EXTERNAL SOURCES:
  FlutterMacOS:
    :path: Flutter/ephemeral
  unisolver_flutter:
    :path: Flutter/ephemeral/.symlinks/plugins/unisolver_flutter/macos

SPEC CHECKSUMS:
  FlutterMacOS: c232990155153907050900a2e175c7773903ba4e
  unisolver_flutter: 74cab3469a3af70e7674d372c8da5e088d1746a9

PODFILE CHECKSUM: 1e95c36afbfd1cb6423ceca4de7a8e1b256fb6ac

COCOAPODS: 1.16.2
