PODS:
  - Flutter (1.0.0)
  - unisolver_flutter (0.2.0):
    - Flutter

DEPENDENCIES:
  - Flutter (from `Flutter`)
  - unisolver_flutter (from `.symlinks/plugins/unisolver_flutter/ios`)

EXTERNAL SOURCES:
  Flutter:
    :path: Flutter
  unisolver_flutter:
    :path: ".symlinks/plugins/unisolver_flutter/ios"

SPEC CHECKSUMS:
  Flutter: 71a624a5bc0c04062bf19101d501e466baf2fb47
  unisolver_flutter: fd1129760fedcf76cac144c12aa86874ce42a8e7

PODFILE CHECKSUM: 3ba3a73b1b12adcf321a227a745625fe0888cc82

COCOAPODS: 1.16.2
