PODS:
  - Flutter (1.0.0)
  - unisolver_flutter (0.7.1):
    - Flutter

DEPENDENCIES:
  - Flutter (from `Flutter`)
  - unisolver_flutter (from `.symlinks/plugins/unisolver_flutter/ios`)

EXTERNAL SOURCES:
  Flutter:
    :path: Flutter
  unisolver_flutter:
    :path: ".symlinks/plugins/unisolver_flutter/ios"

SPEC CHECKSUMS:
  Flutter: 71a624a5bc0c04062bf19101d501e466baf2fb47
  unisolver_flutter: 91e589cac7cf9ca9f16bb313111095ded7a9c6d8

PODFILE CHECKSUM: 3ba3a73b1b12adcf321a227a745625fe0888cc82

COCOAPODS: 1.16.2
